
Microsoft Visual Studio Solution File, Format Version 12.00
# Visual Studio Version 17
VisualStudioVersion = 17.8.34330.188
MinimumVisualStudioVersion = 10.0.40219.1
Project("{9A19103F-16F7-4668-BE54-9A1E7A4F7556}") = "MyKrediKarti", "MyKrediKarti\MyKrediKarti.csproj", "{A60230E4-4629-4FA6-87B3-3DF87D7F6A66}"
EndProject
Project("{9A19103F-16F7-4668-BE54-9A1E7A4F7556}") = "AdamAsmaca", "AdamAsmaca\AdamAsmaca.csproj", "{40873215-54E4-4033-8F32-C3D6071847F6}"
EndProject
Project("{9A19103F-16F7-4668-BE54-9A1E7A4F7556}") = "Ado.netCinemaTicketScreenPullingDataFromDB", "Ado.Net (Veri tabanından veri çekme)\Ado.netCinemaTicketScreenPullingDataFromDB.csproj", "{C7003442-062F-440C-BE8A-20A2930C7EB7}"
EndProject
Project("{9A19103F-16F7-4668-BE54-9A1E7A4F7556}") = "Reflection_futboolerexample", "Reflection_futboolerexample\Reflection_futboolerexample.csproj", "{0A8D7FFD-F6C3-4FB5-981F-6AEDEC341BB9}"
EndProject
Project("{9A19103F-16F7-4668-BE54-9A1E7A4F7556}") = "Ado.netWithInterface", "Ado.netWithInterface\Ado.netWithInterface.csproj", "{98355C9C-79DC-420D-9064-9D05E9BFE52F}"
EndProject
Global
	GlobalSection(SolutionConfigurationPlatforms) = preSolution
		Debug|Any CPU = Debug|Any CPU
		Release|Any CPU = Release|Any CPU
	EndGlobalSection
	GlobalSection(ProjectConfigurationPlatforms) = postSolution
		{A60230E4-4629-4FA6-87B3-3DF87D7F6A66}.Debug|Any CPU.ActiveCfg = Debug|Any CPU
		{A60230E4-4629-4FA6-87B3-3DF87D7F6A66}.Debug|Any CPU.Build.0 = Debug|Any CPU
		{A60230E4-4629-4FA6-87B3-3DF87D7F6A66}.Release|Any CPU.ActiveCfg = Release|Any CPU
		{A60230E4-4629-4FA6-87B3-3DF87D7F6A66}.Release|Any CPU.Build.0 = Release|Any CPU
		{40873215-54E4-4033-8F32-C3D6071847F6}.Debug|Any CPU.ActiveCfg = Debug|Any CPU
		{40873215-54E4-4033-8F32-C3D6071847F6}.Debug|Any CPU.Build.0 = Debug|Any CPU
		{40873215-54E4-4033-8F32-C3D6071847F6}.Release|Any CPU.ActiveCfg = Release|Any CPU
		{40873215-54E4-4033-8F32-C3D6071847F6}.Release|Any CPU.Build.0 = Release|Any CPU
		{C7003442-062F-440C-BE8A-20A2930C7EB7}.Debug|Any CPU.ActiveCfg = Debug|Any CPU
		{C7003442-062F-440C-BE8A-20A2930C7EB7}.Debug|Any CPU.Build.0 = Debug|Any CPU
		{C7003442-062F-440C-BE8A-20A2930C7EB7}.Release|Any CPU.ActiveCfg = Release|Any CPU
		{C7003442-062F-440C-BE8A-20A2930C7EB7}.Release|Any CPU.Build.0 = Release|Any CPU
		{0A8D7FFD-F6C3-4FB5-981F-6AEDEC341BB9}.Debug|Any CPU.ActiveCfg = Debug|Any CPU
		{0A8D7FFD-F6C3-4FB5-981F-6AEDEC341BB9}.Debug|Any CPU.Build.0 = Debug|Any CPU
		{0A8D7FFD-F6C3-4FB5-981F-6AEDEC341BB9}.Release|Any CPU.ActiveCfg = Release|Any CPU
		{0A8D7FFD-F6C3-4FB5-981F-6AEDEC341BB9}.Release|Any CPU.Build.0 = Release|Any CPU
		{98355C9C-79DC-420D-9064-9D05E9BFE52F}.Debug|Any CPU.ActiveCfg = Debug|Any CPU
		{98355C9C-79DC-420D-9064-9D05E9BFE52F}.Debug|Any CPU.Build.0 = Debug|Any CPU
		{98355C9C-79DC-420D-9064-9D05E9BFE52F}.Release|Any CPU.ActiveCfg = Release|Any CPU
		{98355C9C-79DC-420D-9064-9D05E9BFE52F}.Release|Any CPU.Build.0 = Release|Any CPU
	EndGlobalSection
	GlobalSection(SolutionProperties) = preSolution
		HideSolutionNode = FALSE
	EndGlobalSection
	GlobalSection(ExtensibilityGlobals) = postSolution
		SolutionGuid = {6EBAF1BE-F737-418F-BAFC-017E8C682FE4}
	EndGlobalSection
EndGlobal
