
Microsoft Visual Studio Solution File, Format Version 12.00
# Visual Studio Version 17
VisualStudioVersion = 17.8.34330.188
MinimumVisualStudioVersion = 10.0.40219.1
Project("{9A19103F-16F7-4668-BE54-9A1E7A4F7556}") = "AdamAsmaca", "AdamAsmaca\AdamAsmaca.csproj", "{40873215-54E4-4033-8F32-C3D6071847F6}"
EndProject
Project("{9A19103F-16F7-4668-BE54-9A1E7A4F7556}") = "Reflection_futboolerexample", "Reflection_futboolerexample\Reflection_futboolerexample.csproj", "{0A8D7FFD-F6C3-4FB5-981F-6AEDEC341BB9}"
EndProject
Project("{9A19103F-16F7-4668-BE54-9A1E7A4F7556}") = "Ado.netCrudFormApp", "Ado.netCrudFormApp\Ado.netCrudFormApp.csproj", "{FA41E216-D210-4D6A-B9E2-B8E4A4C7905D}"
EndProject
Project("{9A19103F-16F7-4668-BE54-9A1E7A4F7556}") = "Ado.netCrudConsoleApp", "Ado.netCrudConsoleApp\Ado.netCrudConsoleApp.csproj", "{CAE4605B-8562-4812-8575-019BB832DD73}"
EndProject
Project("{9A19103F-16F7-4668-BE54-9A1E7A4F7556}") = "CinemaTicketScreen", "CinemaTicketScreen\CinemaTicketScreen.csproj", "{13271439-8192-49C5-8545-9B2E33B60834}"
EndProject
Project("{9A19103F-16F7-4668-BE54-9A1E7A4F7556}") = "Ado.netDataBaseManager", "Ado.netDataBaseManager\Ado.netDataBaseManager.csproj", "{80978C76-28BE-478F-A324-11E353C2540A}"
EndProject
Project("{9A19103F-16F7-4668-BE54-9A1E7A4F7556}") = "Dapper(ORM-ObjectRelationalMapping)", "Dapper(ORM-ObjectRelationalMapping)\Dapper(ORM-ObjectRelationalMapping).csproj", "{7621EB0F-0B85-434E-AA5F-68D732D0B614}"
EndProject
Project("{9A19103F-16F7-4668-BE54-9A1E7A4F7556}") = "Dapper.Contrib(ORM-ObjectRelationalMapping)", "Dapper.Contrib(ORM-ObjectRelationalMapping)\Dapper.Contrib(ORM-ObjectRelationalMapping).csproj", "{86ACAC84-64D2-4C9A-BDE6-64BA50B5126E}"
EndProject
Project("{9A19103F-16F7-4668-BE54-9A1E7A4F7556}") = "Polimorfizm(Phone Sounds)", "Polimorfizm(Phone Sounds)\Polimorfizm(Phone Sounds).csproj", "{A4DAEFCC-1E84-4D6E-BF3B-4AC8A7117CDB}"
EndProject
Project("{9A19103F-16F7-4668-BE54-9A1E7A4F7556}") = "WEBAPI(XmlFile for TCMB.)", "WEBAPI(XmlFile for TCMB.)\WEBAPI(XmlFile for TCMB.).csproj", "{6AC8A916-5976-472F-B0FD-1DBC681C7293}"
EndProject
Project("{9A19103F-16F7-4668-BE54-9A1E7A4F7556}") = "WEBAPI(JSON File)", "WEBAPI(JSON File)\WEBAPI(JSON File).csproj", "{0E7B8842-806E-4C47-B5AE-3C5296F26606}"
EndProject
Project("{9A19103F-16F7-4668-BE54-9A1E7A4F7556}") = "CsvFile(Money seymbol reading and transfer to database)", "CsvFile(Money seymbol reading and transfer to database)\CsvFile(Money seymbol reading and transfer to database).csproj", "{B8591F5D-FD58-4C80-9293-49DDFCFEF425}"
EndProject
Project("{9A19103F-16F7-4668-BE54-9A1E7A4F7556}") = "TextFile(FindingCreditCardDetails)", "TextFile(FindingCreditCardDetails)\TextFile(FindingCreditCardDetails).csproj", "{F31A9D00-18CC-442C-96DD-8E57356EF6CA}"
EndProject
Project("{9A19103F-16F7-4668-BE54-9A1E7A4F7556}") = "Delegate(Difference Between Invoke and DynamicInvoke)", "Delegate(Difference Between Invoke and DynamicInvoke)\Delegate(Difference Between Invoke and DynamicInvoke).csproj", "{DA0AAF48-EEE3-4374-8C3D-96CE2FB214B0}"
EndProject
Project("{9A19103F-16F7-4668-BE54-9A1E7A4F7556}") = "Fire system of city(Delegate and Event using)", "Fire system of city(Delegate and Event using)\Fire system of city(Delegate and Event using).csproj", "{D99E6DB5-5D09-4903-9C22-8631174E51A1}"
EndProject
Project("{FAE04EC0-301F-11D3-BF4B-00C04F79EFBC}") = "GenericRepository(UsingDapper)", "GenericRepository(UsingDapper)\GenericRepository(UsingDapper).csproj", "{10A1766A-D141-4266-BADD-40DE74B3B0F1}"
EndProject
Global
	GlobalSection(SolutionConfigurationPlatforms) = preSolution
		Debug|Any CPU = Debug|Any CPU
		Release|Any CPU = Release|Any CPU
	EndGlobalSection
	GlobalSection(ProjectConfigurationPlatforms) = postSolution
		{40873215-54E4-4033-8F32-C3D6071847F6}.Debug|Any CPU.ActiveCfg = Debug|Any CPU
		{40873215-54E4-4033-8F32-C3D6071847F6}.Debug|Any CPU.Build.0 = Debug|Any CPU
		{40873215-54E4-4033-8F32-C3D6071847F6}.Release|Any CPU.ActiveCfg = Release|Any CPU
		{40873215-54E4-4033-8F32-C3D6071847F6}.Release|Any CPU.Build.0 = Release|Any CPU
		{0A8D7FFD-F6C3-4FB5-981F-6AEDEC341BB9}.Debug|Any CPU.ActiveCfg = Debug|Any CPU
		{0A8D7FFD-F6C3-4FB5-981F-6AEDEC341BB9}.Debug|Any CPU.Build.0 = Debug|Any CPU
		{0A8D7FFD-F6C3-4FB5-981F-6AEDEC341BB9}.Release|Any CPU.ActiveCfg = Release|Any CPU
		{0A8D7FFD-F6C3-4FB5-981F-6AEDEC341BB9}.Release|Any CPU.Build.0 = Release|Any CPU
		{FA41E216-D210-4D6A-B9E2-B8E4A4C7905D}.Debug|Any CPU.ActiveCfg = Debug|Any CPU
		{FA41E216-D210-4D6A-B9E2-B8E4A4C7905D}.Debug|Any CPU.Build.0 = Debug|Any CPU
		{FA41E216-D210-4D6A-B9E2-B8E4A4C7905D}.Release|Any CPU.ActiveCfg = Release|Any CPU
		{FA41E216-D210-4D6A-B9E2-B8E4A4C7905D}.Release|Any CPU.Build.0 = Release|Any CPU
		{CAE4605B-8562-4812-8575-019BB832DD73}.Debug|Any CPU.ActiveCfg = Debug|Any CPU
		{CAE4605B-8562-4812-8575-019BB832DD73}.Debug|Any CPU.Build.0 = Debug|Any CPU
		{CAE4605B-8562-4812-8575-019BB832DD73}.Release|Any CPU.ActiveCfg = Release|Any CPU
		{CAE4605B-8562-4812-8575-019BB832DD73}.Release|Any CPU.Build.0 = Release|Any CPU
		{13271439-8192-49C5-8545-9B2E33B60834}.Debug|Any CPU.ActiveCfg = Debug|Any CPU
		{13271439-8192-49C5-8545-9B2E33B60834}.Debug|Any CPU.Build.0 = Debug|Any CPU
		{13271439-8192-49C5-8545-9B2E33B60834}.Release|Any CPU.ActiveCfg = Release|Any CPU
		{13271439-8192-49C5-8545-9B2E33B60834}.Release|Any CPU.Build.0 = Release|Any CPU
		{80978C76-28BE-478F-A324-11E353C2540A}.Debug|Any CPU.ActiveCfg = Debug|Any CPU
		{80978C76-28BE-478F-A324-11E353C2540A}.Debug|Any CPU.Build.0 = Debug|Any CPU
		{80978C76-28BE-478F-A324-11E353C2540A}.Release|Any CPU.ActiveCfg = Release|Any CPU
		{80978C76-28BE-478F-A324-11E353C2540A}.Release|Any CPU.Build.0 = Release|Any CPU
		{7621EB0F-0B85-434E-AA5F-68D732D0B614}.Debug|Any CPU.ActiveCfg = Debug|Any CPU
		{7621EB0F-0B85-434E-AA5F-68D732D0B614}.Debug|Any CPU.Build.0 = Debug|Any CPU
		{7621EB0F-0B85-434E-AA5F-68D732D0B614}.Release|Any CPU.ActiveCfg = Release|Any CPU
		{7621EB0F-0B85-434E-AA5F-68D732D0B614}.Release|Any CPU.Build.0 = Release|Any CPU
		{86ACAC84-64D2-4C9A-BDE6-64BA50B5126E}.Debug|Any CPU.ActiveCfg = Debug|Any CPU
		{86ACAC84-64D2-4C9A-BDE6-64BA50B5126E}.Debug|Any CPU.Build.0 = Debug|Any CPU
		{86ACAC84-64D2-4C9A-BDE6-64BA50B5126E}.Release|Any CPU.ActiveCfg = Release|Any CPU
		{86ACAC84-64D2-4C9A-BDE6-64BA50B5126E}.Release|Any CPU.Build.0 = Release|Any CPU
		{A4DAEFCC-1E84-4D6E-BF3B-4AC8A7117CDB}.Debug|Any CPU.ActiveCfg = Debug|Any CPU
		{A4DAEFCC-1E84-4D6E-BF3B-4AC8A7117CDB}.Debug|Any CPU.Build.0 = Debug|Any CPU
		{A4DAEFCC-1E84-4D6E-BF3B-4AC8A7117CDB}.Release|Any CPU.ActiveCfg = Release|Any CPU
		{A4DAEFCC-1E84-4D6E-BF3B-4AC8A7117CDB}.Release|Any CPU.Build.0 = Release|Any CPU
		{6AC8A916-5976-472F-B0FD-1DBC681C7293}.Debug|Any CPU.ActiveCfg = Debug|Any CPU
		{6AC8A916-5976-472F-B0FD-1DBC681C7293}.Debug|Any CPU.Build.0 = Debug|Any CPU
		{6AC8A916-5976-472F-B0FD-1DBC681C7293}.Release|Any CPU.ActiveCfg = Release|Any CPU
		{6AC8A916-5976-472F-B0FD-1DBC681C7293}.Release|Any CPU.Build.0 = Release|Any CPU
		{0E7B8842-806E-4C47-B5AE-3C5296F26606}.Debug|Any CPU.ActiveCfg = Debug|Any CPU
		{0E7B8842-806E-4C47-B5AE-3C5296F26606}.Debug|Any CPU.Build.0 = Debug|Any CPU
		{0E7B8842-806E-4C47-B5AE-3C5296F26606}.Release|Any CPU.ActiveCfg = Release|Any CPU
		{0E7B8842-806E-4C47-B5AE-3C5296F26606}.Release|Any CPU.Build.0 = Release|Any CPU
		{B8591F5D-FD58-4C80-9293-49DDFCFEF425}.Debug|Any CPU.ActiveCfg = Debug|Any CPU
		{B8591F5D-FD58-4C80-9293-49DDFCFEF425}.Debug|Any CPU.Build.0 = Debug|Any CPU
		{B8591F5D-FD58-4C80-9293-49DDFCFEF425}.Release|Any CPU.ActiveCfg = Release|Any CPU
		{B8591F5D-FD58-4C80-9293-49DDFCFEF425}.Release|Any CPU.Build.0 = Release|Any CPU
		{F31A9D00-18CC-442C-96DD-8E57356EF6CA}.Debug|Any CPU.ActiveCfg = Debug|Any CPU
		{F31A9D00-18CC-442C-96DD-8E57356EF6CA}.Debug|Any CPU.Build.0 = Debug|Any CPU
		{F31A9D00-18CC-442C-96DD-8E57356EF6CA}.Release|Any CPU.ActiveCfg = Release|Any CPU
		{F31A9D00-18CC-442C-96DD-8E57356EF6CA}.Release|Any CPU.Build.0 = Release|Any CPU
		{DA0AAF48-EEE3-4374-8C3D-96CE2FB214B0}.Debug|Any CPU.ActiveCfg = Debug|Any CPU
		{DA0AAF48-EEE3-4374-8C3D-96CE2FB214B0}.Debug|Any CPU.Build.0 = Debug|Any CPU
		{DA0AAF48-EEE3-4374-8C3D-96CE2FB214B0}.Release|Any CPU.ActiveCfg = Release|Any CPU
		{DA0AAF48-EEE3-4374-8C3D-96CE2FB214B0}.Release|Any CPU.Build.0 = Release|Any CPU
		{D99E6DB5-5D09-4903-9C22-8631174E51A1}.Debug|Any CPU.ActiveCfg = Debug|Any CPU
		{D99E6DB5-5D09-4903-9C22-8631174E51A1}.Debug|Any CPU.Build.0 = Debug|Any CPU
		{D99E6DB5-5D09-4903-9C22-8631174E51A1}.Release|Any CPU.ActiveCfg = Release|Any CPU
		{D99E6DB5-5D09-4903-9C22-8631174E51A1}.Release|Any CPU.Build.0 = Release|Any CPU
		{10A1766A-D141-4266-BADD-40DE74B3B0F1}.Debug|Any CPU.ActiveCfg = Debug|Any CPU
		{10A1766A-D141-4266-BADD-40DE74B3B0F1}.Debug|Any CPU.Build.0 = Debug|Any CPU
		{10A1766A-D141-4266-BADD-40DE74B3B0F1}.Release|Any CPU.ActiveCfg = Release|Any CPU
		{10A1766A-D141-4266-BADD-40DE74B3B0F1}.Release|Any CPU.Build.0 = Release|Any CPU
	EndGlobalSection
	GlobalSection(SolutionProperties) = preSolution
		HideSolutionNode = FALSE
	EndGlobalSection
	GlobalSection(ExtensibilityGlobals) = postSolution
		SolutionGuid = {6EBAF1BE-F737-418F-BAFC-017E8C682FE4}
	EndGlobalSection
EndGlobal
